
Microsoft Visual Studio Solution File, Format Version 12.00
# Visual Studio Version 17
VisualStudioVersion = 17.13.35919.96 d17.13
MinimumVisualStudioVersion = 10.0.40219.1
Project("{FAE04EC0-301F-11D3-BF4B-00C04F79EFBC}") = "PeliculasWeb", "PeliculasWeb\PeliculasWeb.csproj", "{063D4E6E-2268-406A-897E-06BF0411A14C}"
EndProject
Global
	GlobalSection(SolutionConfigurationPlatforms) = preSolution
		Debug|Any CPU = Debug|Any CPU
		Release|Any CPU = Release|Any CPU
	EndGlobalSection
	GlobalSection(ProjectConfigurationPlatforms) = postSolution
		{063D4E6E-2268-406A-897E-06BF0411A14C}.Debug|Any CPU.ActiveCfg = Debug|Any CPU
		{063D4E6E-2268-406A-897E-06BF0411A14C}.Debug|Any CPU.Build.0 = Debug|Any CPU
		{063D4E6E-2268-406A-897E-06BF0411A14C}.Release|Any CPU.ActiveCfg = Release|Any CPU
		{063D4E6E-2268-406A-897E-06BF0411A14C}.Release|Any CPU.Build.0 = Release|Any CPU
	EndGlobalSection
	GlobalSection(SolutionProperties) = preSolution
		HideSolutionNode = FALSE
	EndGlobalSection
	GlobalSection(ExtensibilityGlobals) = postSolution
		SolutionGuid = {48C22ED2-E56E-4D3F-9025-551B739E522F}
	EndGlobalSection
EndGlobal
